<?xml version="1.0" encoding="utf-8"?>
<Project ToolsVersion="4.0" xmlns="http://schemas.microsoft.com/developer/msbuild/2003">
  <ItemGroup>
    <Filter Include="Source Files">
      <UniqueIdentifier>{4FC737F1-C7A5-4376-A066-2A32D752A2FF}</UniqueIdentifier>
      <Extensions>cpp;c;cc;cxx;c++;cppm;ixx;def;odl;idl;hpj;bat;asm;asmx</Extensions>
    </Filter>
    <Filter Include="Header Files">
      <UniqueIdentifier>{93995380-89BD-4b04-88EB-625FBE52EBFB}</UniqueIdentifier>
      <Extensions>h;hh;hpp;hxx;h++;hm;inl;inc;ipp;xsd</Extensions>
    </Filter>
    <Filter Include="Resource Files">
      <UniqueIdentifier>{67DA6AB6-F800-4c08-8B7A-83BB121AAD01}</UniqueIdentifier>
      <Extensions>rc;ico;cur;bmp;dlg;rc2;rct;bin;rgs;gif;jpg;jpeg;jpe;resx;tiff;tif;png;wav;mfcribbon-ms</Extensions>
    </Filter>
  </ItemGroup>
  <ItemGroup>
    <ClInclude Include="src\Third_Party\MapHelper.h">
      <Filter>Header Files</Filter>
    </ClInclude>
    <ClInclude Include="src\First_Party\game.h">
      <Filter>Header Files</Filter>
    </ClInclude>
    <ClInclude Include="src\First_Party\renderer.h">
      <Filter>Header Files</Filter>
    </ClInclude>
    <ClInclude Include="src\First_Party\scene.h">
      <Filter>Header Files</Filter>
    </ClInclude>
    <ClInclude Include="src\First_Party\utility.h">
      <Filter>Header Files</Filter>
    </ClInclude>
    <ClInclude Include="src\Third_Party\rapidjson-1.1.0\include\rapidjson\error\en.h">
      <Filter>Header Files</Filter>
    </ClInclude>
    <ClInclude Include="src\Third_Party\rapidjson-1.1.0\include\rapidjson\error\error.h">
      <Filter>Header Files</Filter>
    </ClInclude>
    <ClInclude Include="src\Third_Party\rapidjson-1.1.0\include\rapidjson\internal\biginteger.h">
      <Filter>Header Files</Filter>
    </ClInclude>
    <ClInclude Include="src\Third_Party\rapidjson-1.1.0\include\rapidjson\internal\diyfp.h">
      <Filter>Header Files</Filter>
    </ClInclude>
    <ClInclude Include="src\Third_Party\rapidjson-1.1.0\include\rapidjson\internal\dtoa.h">
      <Filter>Header Files</Filter>
    </ClInclude>
    <ClInclude Include="src\Third_Party\rapidjson-1.1.0\include\rapidjson\internal\ieee754.h">
      <Filter>Header Files</Filter>
    </ClInclude>
    <ClInclude Include="src\Third_Party\rapidjson-1.1.0\include\rapidjson\internal\itoa.h">
      <Filter>Header Files</Filter>
    </ClInclude>
    <ClInclude Include="src\Third_Party\rapidjson-1.1.0\include\rapidjson\internal\meta.h">
      <Filter>Header Files</Filter>
    </ClInclude>
    <ClInclude Include="src\Third_Party\rapidjson-1.1.0\include\rapidjson\internal\pow10.h">
      <Filter>Header Files</Filter>
    </ClInclude>
    <ClInclude Include="src\Third_Party\rapidjson-1.1.0\include\rapidjson\internal\regex.h">
      <Filter>Header Files</Filter>
    </ClInclude>
    <ClInclude Include="src\Third_Party\rapidjson-1.1.0\include\rapidjson\internal\stack.h">
      <Filter>Header Files</Filter>
    </ClInclude>
    <ClInclude Include="src\Third_Party\rapidjson-1.1.0\include\rapidjson\internal\strfunc.h">
      <Filter>Header Files</Filter>
    </ClInclude>
    <ClInclude Include="src\Third_Party\rapidjson-1.1.0\include\rapidjson\internal\strtod.h">
      <Filter>Header Files</Filter>
    </ClInclude>
    <ClInclude Include="src\Third_Party\rapidjson-1.1.0\include\rapidjson\internal\swap.h">
      <Filter>Header Files</Filter>
    </ClInclude>
    <ClInclude Include="src\Third_Party\rapidjson-1.1.0\include\rapidjson\msinttypes\inttypes.h">
      <Filter>Header Files</Filter>
    </ClInclude>
    <ClInclude Include="src\Third_Party\rapidjson-1.1.0\include\rapidjson\msinttypes\stdint.h">
      <Filter>Header Files</Filter>
    </ClInclude>
    <ClInclude Include="src\Third_Party\rapidjson-1.1.0\include\rapidjson\allocators.h">
      <Filter>Header Files</Filter>
    </ClInclude>
    <ClInclude Include="src\Third_Party\rapidjson-1.1.0\include\rapidjson\document.h">
      <Filter>Header Files</Filter>
    </ClInclude>
    <ClInclude Include="src\Third_Party\rapidjson-1.1.0\include\rapidjson\encodedstream.h">
      <Filter>Header Files</Filter>
    </ClInclude>
    <ClInclude Include="src\Third_Party\rapidjson-1.1.0\include\rapidjson\encodings.h">
      <Filter>Header Files</Filter>
    </ClInclude>
    <ClInclude Include="src\Third_Party\rapidjson-1.1.0\include\rapidjson\filereadstream.h">
      <Filter>Header Files</Filter>
    </ClInclude>
    <ClInclude Include="src\Third_Party\rapidjson-1.1.0\include\rapidjson\filewritestream.h">
      <Filter>Header Files</Filter>
    </ClInclude>
    <ClInclude Include="src\Third_Party\rapidjson-1.1.0\include\rapidjson\fwd.h">
      <Filter>Header Files</Filter>
    </ClInclude>
    <ClInclude Include="src\Third_Party\rapidjson-1.1.0\include\rapidjson\istreamwrapper.h">
      <Filter>Header Files</Filter>
    </ClInclude>
    <ClInclude Include="src\Third_Party\rapidjson-1.1.0\include\rapidjson\memorybuffer.h">
      <Filter>Header Files</Filter>
    </ClInclude>
    <ClInclude Include="src\Third_Party\rapidjson-1.1.0\include\rapidjson\memorystream.h">
      <Filter>Header Files</Filter>
    </ClInclude>
    <ClInclude Include="src\Third_Party\rapidjson-1.1.0\include\rapidjson\ostreamwrapper.h">
      <Filter>Header Files</Filter>
    </ClInclude>
    <ClInclude Include="src\Third_Party\rapidjson-1.1.0\include\rapidjson\pointer.h">
      <Filter>Header Files</Filter>
    </ClInclude>
    <ClInclude Include="src\Third_Party\rapidjson-1.1.0\include\rapidjson\prettywriter.h">
      <Filter>Header Files</Filter>
    </ClInclude>
    <ClInclude Include="src\Third_Party\rapidjson-1.1.0\include\rapidjson\rapidjson.h">
      <Filter>Header Files</Filter>
    </ClInclude>
    <ClInclude Include="src\Third_Party\rapidjson-1.1.0\include\rapidjson\reader.h">
      <Filter>Header Files</Filter>
    </ClInclude>
    <ClInclude Include="src\Third_Party\rapidjson-1.1.0\include\rapidjson\schema.h">
      <Filter>Header Files</Filter>
    </ClInclude>
    <ClInclude Include="src\Third_Party\rapidjson-1.1.0\include\rapidjson\stream.h">
      <Filter>Header Files</Filter>
    </ClInclude>
    <ClInclude Include="src\Third_Party\rapidjson-1.1.0\include\rapidjson\stringbuffer.h">
      <Filter>Header Files</Filter>
    </ClInclude>
    <ClInclude Include="src\Third_Party\rapidjson-1.1.0\include\rapidjson\writer.h">
      <Filter>Header Files</Filter>
    </ClInclude>
    <ClInclude Include="src\First_Party\gameData.h">
      <Filter>Header Files</Filter>
    </ClInclude>
    <ClInclude Include="src\First_Party\actor.h">
      <Filter>Header Files</Filter>
    </ClInclude>
    <ClInclude Include="src\First_Party\SceneDB.h">
      <Filter>Header Files</Filter>
    </ClInclude>
    <ClInclude Include="src\First_Party\TemplateDB.h">
      <Filter>Header Files</Filter>
    </ClInclude>
    <ClInclude Include="src\Third_Party\Helper.h">
      <Filter>Header Files</Filter>
    </ClInclude>
    <ClInclude Include="src\Third_Party\AudioHelper.h">
      <Filter>Header Files</Filter>
    </ClInclude>
    <ClInclude Include="src\First_Party\ImageDB.h">
      <Filter>Header Files</Filter>
    </ClInclude>
    <ClInclude Include="src\First_Party\TextDB.h">
      <Filter>Header Files</Filter>
    </ClInclude>
    <ClInclude Include="src\First_Party\AudioDB.h">
      <Filter>Header Files</Filter>
    </ClInclude>
    <ClInclude Include="src\First_Party\Input.h">
      <Filter>Header Files</Filter>
    </ClInclude>
    <ClInclude Include="src\First_Party\ComponentManager.h">
      <Filter>Header Files</Filter>
    </ClInclude>
    <ClInclude Include="src\First_Party\Rigidbody.h">
      <Filter>Header Files</Filter>
    </ClInclude>
    <ClInclude Include="src\First_Party\Raycast.h">
      <Filter>Header Files</Filter>
    </ClInclude>
    <ClInclude Include="src\First_Party\EventBus.h">
      <Filter>Header Files</Filter>
    </ClInclude>
    <ClInclude Include="src\Third_Party\box2d\src\dynamics\b2_chain_circle_contact.h">
      <Filter>Header Files</Filter>
    </ClInclude>
    <ClInclude Include="src\Third_Party\box2d\src\dynamics\b2_chain_polygon_contact.h">
      <Filter>Header Files</Filter>
    </ClInclude>
    <ClInclude Include="src\Third_Party\box2d\src\dynamics\b2_circle_contact.h">
      <Filter>Header Files</Filter>
    </ClInclude>
    <ClInclude Include="src\Third_Party\box2d\src\dynamics\b2_contact_solver.h">
      <Filter>Header Files</Filter>
    </ClInclude>
    <ClInclude Include="src\Third_Party\box2d\src\dynamics\b2_edge_circle_contact.h">
      <Filter>Header Files</Filter>
    </ClInclude>
    <ClInclude Include="src\Third_Party\box2d\src\dynamics\b2_edge_polygon_contact.h">
      <Filter>Header Files</Filter>
    </ClInclude>
    <ClInclude Include="src\Third_Party\box2d\src\dynamics\b2_island.h">
      <Filter>Header Files</Filter>
    </ClInclude>
    <ClInclude Include="src\Third_Party\box2d\src\dynamics\b2_polygon_circle_contact.h">
      <Filter>Header Files</Filter>
    </ClInclude>
    <ClInclude Include="src\Third_Party\box2d\src\dynamics\b2_polygon_contact.h">
      <Filter>Header Files</Filter>
    </ClInclude>
    <ClInclude Include="src\First_Party\ParticleSystem.h">
      <Filter>Header Files</Filter>
    </ClInclude>
  </ItemGroup>
  <ItemGroup>
    <ClCompile Include="src\First_Party\main.cpp">
      <Filter>Source Files</Filter>
    </ClCompile>
    <ClCompile Include="src\First_Party\game.cpp">
      <Filter>Source Files</Filter>
    </ClCompile>
    <ClCompile Include="src\First_Party\renderer.cpp">
      <Filter>Source Files</Filter>
    </ClCompile>
    <ClCompile Include="src\First_Party\scene.cpp">
      <Filter>Source Files</Filter>
    </ClCompile>
    <ClCompile Include="src\First_Party\utility.cpp">
      <Filter>Source Files</Filter>
    </ClCompile>
    <ClCompile Include="src\First_Party\actor.cpp">
      <Filter>Source Files</Filter>
    </ClCompile>
    <ClCompile Include="src\First_Party\SceneDB.cpp">
      <Filter>Source Files</Filter>
    </ClCompile>
    <ClCompile Include="src\First_Party\TemplateDB.cpp">
      <Filter>Source Files</Filter>
    </ClCompile>
    <ClCompile Include="src\First_Party\ImageDB.cpp">
      <Filter>Source Files</Filter>
    </ClCompile>
    <ClCompile Include="src\First_Party\TextDB.cpp">
      <Filter>Source Files</Filter>
    </ClCompile>
    <ClCompile Include="src\First_Party\AudioDB.cpp">
      <Filter>Source Files</Filter>
    </ClCompile>
    <ClCompile Include="src\First_Party\Input.cpp">
      <Filter>Source Files</Filter>
    </ClCompile>
    <ClCompile Include="src\First_Party\ComponentManager.cpp">
      <Filter>Source Files</Filter>
    </ClCompile>
    <ClCompile Include="src\Third_Party\lua\lapi.c">
      <Filter>Source Files</Filter>
    </ClCompile>
    <ClCompile Include="src\Third_Party\lua\lauxlib.c">
      <Filter>Source Files</Filter>
    </ClCompile>
    <ClCompile Include="src\Third_Party\lua\lbaselib.c">
      <Filter>Source Files</Filter>
    </ClCompile>
    <ClCompile Include="src\Third_Party\lua\lcode.c">
      <Filter>Source Files</Filter>
    </ClCompile>
    <ClCompile Include="src\Third_Party\lua\lcorolib.c">
      <Filter>Source Files</Filter>
    </ClCompile>
    <ClCompile Include="src\Third_Party\lua\lctype.c">
      <Filter>Source Files</Filter>
    </ClCompile>
    <ClCompile Include="src\Third_Party\lua\ldblib.c">
      <Filter>Source Files</Filter>
    </ClCompile>
    <ClCompile Include="src\Third_Party\lua\ldebug.c">
      <Filter>Source Files</Filter>
    </ClCompile>
    <ClCompile Include="src\Third_Party\lua\ldo.c">
      <Filter>Source Files</Filter>
    </ClCompile>
    <ClCompile Include="src\Third_Party\lua\ldump.c">
      <Filter>Source Files</Filter>
    </ClCompile>
    <ClCompile Include="src\Third_Party\lua\lfunc.c">
      <Filter>Source Files</Filter>
    </ClCompile>
    <ClCompile Include="src\Third_Party\lua\lgc.c">
      <Filter>Source Files</Filter>
    </ClCompile>
    <ClCompile Include="src\Third_Party\lua\linit.c">
      <Filter>Source Files</Filter>
    </ClCompile>
    <ClCompile Include="src\Third_Party\lua\liolib.c">
      <Filter>Source Files</Filter>
    </ClCompile>
    <ClCompile Include="src\Third_Party\lua\llex.c">
      <Filter>Source Files</Filter>
    </ClCompile>
    <ClCompile Include="src\Third_Party\lua\lmathlib.c">
      <Filter>Source Files</Filter>
    </ClCompile>
    <ClCompile Include="src\Third_Party\lua\lmem.c">
      <Filter>Source Files</Filter>
    </ClCompile>
    <ClCompile Include="src\Third_Party\lua\loadlib.c">
      <Filter>Source Files</Filter>
    </ClCompile>
    <ClCompile Include="src\Third_Party\lua\lobject.c">
      <Filter>Source Files</Filter>
    </ClCompile>
    <ClCompile Include="src\Third_Party\lua\lopcodes.c">
      <Filter>Source Files</Filter>
    </ClCompile>
    <ClCompile Include="src\Third_Party\lua\loslib.c">
      <Filter>Source Files</Filter>
    </ClCompile>
    <ClCompile Include="src\Third_Party\lua\lparser.c">
      <Filter>Source Files</Filter>
    </ClCompile>
    <ClCompile Include="src\Third_Party\lua\lstate.c">
      <Filter>Source Files</Filter>
    </ClCompile>
    <ClCompile Include="src\Third_Party\lua\lstring.c">
      <Filter>Source Files</Filter>
    </ClCompile>
    <ClCompile Include="src\Third_Party\lua\lstrlib.c">
      <Filter>Source Files</Filter>
    </ClCompile>
    <ClCompile Include="src\Third_Party\lua\ltable.c">
      <Filter>Source Files</Filter>
    </ClCompile>
    <ClCompile Include="src\Third_Party\lua\ltablib.c">
      <Filter>Source Files</Filter>
    </ClCompile>
    <ClCompile Include="src\Third_Party\lua\ltm.c">
      <Filter>Source Files</Filter>
    </ClCompile>
    <ClCompile Include="src\Third_Party\lua\lundump.c">
      <Filter>Source Files</Filter>
    </ClCompile>
    <ClCompile Include="src\Third_Party\lua\lutf8lib.c">
      <Filter>Source Files</Filter>
    </ClCompile>
    <ClCompile Include="src\Third_Party\lua\lvm.c">
      <Filter>Source Files</Filter>
    </ClCompile>
    <ClCompile Include="src\Third_Party\lua\lzio.c">
      <Filter>Source Files</Filter>
    </ClCompile>
    <ClCompile Include="src\First_Party\Rigidbody.cpp">
      <Filter>Source Files</Filter>
    </ClCompile>
    <ClCompile Include="src\First_Party\Raycast.cpp">
      <Filter>Source Files</Filter>
    </ClCompile>
    <ClCompile Include="src\First_Party\EventBus.cpp">
      <Filter>Source Files</Filter>
    </ClCompile>
    <ClCompile Include="src\Third_Party\box2d\src\collision\b2_broad_phase.cpp">
      <Filter>Source Files</Filter>
    </ClCompile>
    <ClCompile Include="src\Third_Party\box2d\src\collision\b2_chain_shape.cpp">
      <Filter>Source Files</Filter>
    </ClCompile>
    <ClCompile Include="src\Third_Party\box2d\src\collision\b2_circle_shape.cpp">
      <Filter>Source Files</Filter>
    </ClCompile>
    <ClCompile Include="src\Third_Party\box2d\src\collision\b2_collide_circle.cpp">
      <Filter>Source Files</Filter>
    </ClCompile>
    <ClCompile Include="src\Third_Party\box2d\src\collision\b2_collide_edge.cpp">
      <Filter>Source Files</Filter>
    </ClCompile>
    <ClCompile Include="src\Third_Party\box2d\src\collision\b2_collide_polygon.cpp">
      <Filter>Source Files</Filter>
    </ClCompile>
    <ClCompile Include="src\Third_Party\box2d\src\collision\b2_collision.cpp">
      <Filter>Source Files</Filter>
    </ClCompile>
    <ClCompile Include="src\Third_Party\box2d\src\collision\b2_distance.cpp">
      <Filter>Source Files</Filter>
    </ClCompile>
    <ClCompile Include="src\Third_Party\box2d\src\collision\b2_dynamic_tree.cpp">
      <Filter>Source Files</Filter>
    </ClCompile>
    <ClCompile Include="src\Third_Party\box2d\src\collision\b2_edge_shape.cpp">
      <Filter>Source Files</Filter>
    </ClCompile>
    <ClCompile Include="src\Third_Party\box2d\src\collision\b2_polygon_shape.cpp">
      <Filter>Source Files</Filter>
    </ClCompile>
    <ClCompile Include="src\Third_Party\box2d\src\collision\b2_time_of_impact.cpp">
      <Filter>Source Files</Filter>
    </ClCompile>
    <ClCompile Include="src\Third_Party\box2d\src\common\b2_block_allocator.cpp">
      <Filter>Source Files</Filter>
    </ClCompile>
    <ClCompile Include="src\Third_Party\box2d\src\common\b2_draw.cpp">
      <Filter>Source Files</Filter>
    </ClCompile>
    <ClCompile Include="src\Third_Party\box2d\src\common\b2_math.cpp">
      <Filter>Source Files</Filter>
    </ClCompile>
    <ClCompile Include="src\Third_Party\box2d\src\common\b2_settings.cpp">
      <Filter>Source Files</Filter>
    </ClCompile>
    <ClCompile Include="src\Third_Party\box2d\src\common\b2_stack_allocator.cpp">
      <Filter>Source Files</Filter>
    </ClCompile>
    <ClCompile Include="src\Third_Party\box2d\src\common\b2_timer.cpp">
      <Filter>Source Files</Filter>
    </ClCompile>
    <ClCompile Include="src\Third_Party\box2d\src\dynamics\b2_body.cpp">
      <Filter>Source Files</Filter>
    </ClCompile>
    <ClCompile Include="src\Third_Party\box2d\src\dynamics\b2_chain_circle_contact.cpp">
      <Filter>Source Files</Filter>
    </ClCompile>
    <ClCompile Include="src\Third_Party\box2d\src\dynamics\b2_chain_polygon_contact.cpp">
      <Filter>Source Files</Filter>
    </ClCompile>
    <ClCompile Include="src\Third_Party\box2d\src\dynamics\b2_circle_contact.cpp">
      <Filter>Source Files</Filter>
    </ClCompile>
    <ClCompile Include="src\Third_Party\box2d\src\dynamics\b2_contact.cpp">
      <Filter>Source Files</Filter>
    </ClCompile>
    <ClCompile Include="src\Third_Party\box2d\src\dynamics\b2_contact_manager.cpp">
      <Filter>Source Files</Filter>
    </ClCompile>
    <ClCompile Include="src\Third_Party\box2d\src\dynamics\b2_contact_solver.cpp">
      <Filter>Source Files</Filter>
    </ClCompile>
    <ClCompile Include="src\Third_Party\box2d\src\dynamics\b2_distance_joint.cpp">
      <Filter>Source Files</Filter>
    </ClCompile>
    <ClCompile Include="src\Third_Party\box2d\src\dynamics\b2_edge_circle_contact.cpp">
      <Filter>Source Files</Filter>
    </ClCompile>
    <ClCompile Include="src\Third_Party\box2d\src\dynamics\b2_edge_polygon_contact.cpp">
      <Filter>Source Files</Filter>
    </ClCompile>
    <ClCompile Include="src\Third_Party\box2d\src\dynamics\b2_fixture.cpp">
      <Filter>Source Files</Filter>
    </ClCompile>
    <ClCompile Include="src\Third_Party\box2d\src\dynamics\b2_friction_joint.cpp">
      <Filter>Source Files</Filter>
    </ClCompile>
    <ClCompile Include="src\Third_Party\box2d\src\dynamics\b2_gear_joint.cpp">
      <Filter>Source Files</Filter>
    </ClCompile>
    <ClCompile Include="src\Third_Party\box2d\src\dynamics\b2_island.cpp">
      <Filter>Source Files</Filter>
    </ClCompile>
    <ClCompile Include="src\Third_Party\box2d\src\dynamics\b2_joint.cpp">
      <Filter>Source Files</Filter>
    </ClCompile>
    <ClCompile Include="src\Third_Party\box2d\src\dynamics\b2_motor_joint.cpp">
      <Filter>Source Files</Filter>
    </ClCompile>
    <ClCompile Include="src\Third_Party\box2d\src\dynamics\b2_mouse_joint.cpp">
      <Filter>Source Files</Filter>
    </ClCompile>
    <ClCompile Include="src\Third_Party\box2d\src\dynamics\b2_polygon_circle_contact.cpp">
      <Filter>Source Files</Filter>
    </ClCompile>
    <ClCompile Include="src\Third_Party\box2d\src\dynamics\b2_polygon_contact.cpp">
      <Filter>Source Files</Filter>
    </ClCompile>
    <ClCompile Include="src\Third_Party\box2d\src\dynamics\b2_prismatic_joint.cpp">
      <Filter>Source Files</Filter>
    </ClCompile>
    <ClCompile Include="src\Third_Party\box2d\src\dynamics\b2_pulley_joint.cpp">
      <Filter>Source Files</Filter>
    </ClCompile>
    <ClCompile Include="src\Third_Party\box2d\src\dynamics\b2_revolute_joint.cpp">
      <Filter>Source Files</Filter>
    </ClCompile>
    <ClCompile Include="src\Third_Party\box2d\src\dynamics\b2_weld_joint.cpp">
      <Filter>Source Files</Filter>
    </ClCompile>
    <ClCompile Include="src\Third_Party\box2d\src\dynamics\b2_wheel_joint.cpp">
      <Filter>Source Files</Filter>
    </ClCompile>
    <ClCompile Include="src\Third_Party\box2d\src\dynamics\b2_world.cpp">
      <Filter>Source Files</Filter>
    </ClCompile>
    <ClCompile Include="src\Third_Party\box2d\src\dynamics\b2_world_callbacks.cpp">
      <Filter>Source Files</Filter>
    </ClCompile>
    <ClCompile Include="src\Third_Party\box2d\src\rope\b2_rope.cpp">
      <Filter>Source Files</Filter>
    </ClCompile>
    <ClCompile Include="src\First_Party\ParticleSystem.cpp">
      <Filter>Source Files</Filter>
    </ClCompile>
  </ItemGroup>
  <ItemGroup>
    <None Include="src\Third_Party\rapidjson-1.1.0\doc\misc\footer.html" />
    <None Include="src\Third_Party\rapidjson-1.1.0\doc\misc\header.html" />
  </ItemGroup>
</Project>